
Microsoft Visual Studio Solution File, Format Version 12.00
# Visual Studio Version 16
VisualStudioVersion = 16.0.31515.178
MinimumVisualStudioVersion = 10.0.40219.1
Project("{FAE04EC0-301F-11D3-BF4B-00C04F79EFBC}") = "CircleGame", "CircleGame.csproj", "{98F3E71F-F577-4B32-A681-BC17E34EA0C4}"
EndProject
Project("{FAE04EC0-301F-11D3-BF4B-00C04F79EFBC}") = "CircleGameConfig", "CircleGameConfig\CircleGameConfig.csproj", "{D61A3900-2712-46C9-981C-010B31D2A2CC}"
EndProject
Project("{9A19103F-16F7-4668-BE54-9A1E7A4F7556}") = "CircleGameConfigCore", "CircleGameConfigCore\CircleGameConfigCore.csproj", "{0D06BDDA-858E-4617-8582-11B26DE813F4}"
EndProject
Project("{FAE04EC0-301F-11D3-BF4B-00C04F79EFBC}") = "CircleGameLoger", "CircleGameLoger\CircleGameLoger.csproj", "{D92AEE2D-4046-4E07-B076-ED332813F40D}"
EndProject
Project("{FAE04EC0-301F-11D3-BF4B-00C04F79EFBC}") = "CircleGameModel", "CircleGameModel\CircleGameModel.csproj", "{D5206E27-93E5-4EB4-8F85-97F2C9A772C6}"
EndProject
Project("{FAE04EC0-301F-11D3-BF4B-00C04F79EFBC}") = "CircleGameService", "CircleGameService\CircleGameService.csproj", "{B4786FC3-51D2-46AA-A25F-E1112BB75611}"
EndProject
Project("{2150E333-8FDC-42A3-9474-1A3956D46DE8}") = "netCore", "netCore", "{95721860-7F53-414D-A149-F62B39ED7598}"
EndProject
Project("{2150E333-8FDC-42A3-9474-1A3956D46DE8}") = "netFramework", "netFramework", "{5BFDAA6D-1A23-48C4-AD3D-A15143DCE567}"
EndProject
Project("{9A19103F-16F7-4668-BE54-9A1E7A4F7556}") = "CircleGameLogerCore", "CircleGameLogerCore\CircleGameLogerCore.csproj", "{F9DE9A05-950D-4064-9CDD-E0EFC8454AF0}"
EndProject
Project("{9A19103F-16F7-4668-BE54-9A1E7A4F7556}") = "CircleGameModelCore", "CircleGameModelCore\CircleGameModelCore.csproj", "{18B76517-3619-476D-91D7-105F89630414}"
EndProject
Project("{9A19103F-16F7-4668-BE54-9A1E7A4F7556}") = "CircleGameServiceCore", "CircleGameServiceCore\CircleGameServiceCore.csproj", "{4E25B68E-B98B-4560-8533-E94B6EDF365C}"
EndProject
Project("{9A19103F-16F7-4668-BE54-9A1E7A4F7556}") = "CircleGameControlCore", "CircleGameControlCore\CircleGameControlCore.csproj", "{6D762B91-F35A-4EAB-A7E2-877BBCA8BA29}"
EndProject
Project("{9A19103F-16F7-4668-BE54-9A1E7A4F7556}") = "CircleGameDTOCore", "CircleGameDTOCore\CircleGameDTOCore.csproj", "{E34299B3-9F6F-408E-9FA5-B012ADA8254F}"
EndProject
Project("{9A19103F-16F7-4668-BE54-9A1E7A4F7556}") = "ICircleGameServiceCore", "ICircleGameServiceCore\ICircleGameServiceCore.csproj", "{F3DFBB34-82CC-492D-8C11-9F24466FF976}"
EndProject
Project("{FAE04EC0-301F-11D3-BF4B-00C04F79EFBC}") = "CircleGameCommonService", "CircleGameCommonService\CircleGameCommonService.csproj", "{91017A5C-4BC9-4FC2-B473-F017F187852C}"
EndProject
Global
	GlobalSection(SolutionConfigurationPlatforms) = preSolution
		Debug|Any CPU = Debug|Any CPU
		Release|Any CPU = Release|Any CPU
	EndGlobalSection
	GlobalSection(ProjectConfigurationPlatforms) = postSolution
		{98F3E71F-F577-4B32-A681-BC17E34EA0C4}.Debug|Any CPU.ActiveCfg = Debug|Any CPU
		{98F3E71F-F577-4B32-A681-BC17E34EA0C4}.Debug|Any CPU.Build.0 = Debug|Any CPU
		{98F3E71F-F577-4B32-A681-BC17E34EA0C4}.Release|Any CPU.ActiveCfg = Release|Any CPU
		{98F3E71F-F577-4B32-A681-BC17E34EA0C4}.Release|Any CPU.Build.0 = Release|Any CPU
		{D61A3900-2712-46C9-981C-010B31D2A2CC}.Debug|Any CPU.ActiveCfg = Debug|Any CPU
		{D61A3900-2712-46C9-981C-010B31D2A2CC}.Debug|Any CPU.Build.0 = Debug|Any CPU
		{D61A3900-2712-46C9-981C-010B31D2A2CC}.Release|Any CPU.ActiveCfg = Release|Any CPU
		{D61A3900-2712-46C9-981C-010B31D2A2CC}.Release|Any CPU.Build.0 = Release|Any CPU
		{0D06BDDA-858E-4617-8582-11B26DE813F4}.Debug|Any CPU.ActiveCfg = Debug|Any CPU
		{0D06BDDA-858E-4617-8582-11B26DE813F4}.Debug|Any CPU.Build.0 = Debug|Any CPU
		{0D06BDDA-858E-4617-8582-11B26DE813F4}.Release|Any CPU.ActiveCfg = Release|Any CPU
		{0D06BDDA-858E-4617-8582-11B26DE813F4}.Release|Any CPU.Build.0 = Release|Any CPU
		{D92AEE2D-4046-4E07-B076-ED332813F40D}.Debug|Any CPU.ActiveCfg = Debug|Any CPU
		{D92AEE2D-4046-4E07-B076-ED332813F40D}.Debug|Any CPU.Build.0 = Debug|Any CPU
		{D92AEE2D-4046-4E07-B076-ED332813F40D}.Release|Any CPU.ActiveCfg = Release|Any CPU
		{D92AEE2D-4046-4E07-B076-ED332813F40D}.Release|Any CPU.Build.0 = Release|Any CPU
		{D5206E27-93E5-4EB4-8F85-97F2C9A772C6}.Debug|Any CPU.ActiveCfg = Debug|Any CPU
		{D5206E27-93E5-4EB4-8F85-97F2C9A772C6}.Debug|Any CPU.Build.0 = Debug|Any CPU
		{D5206E27-93E5-4EB4-8F85-97F2C9A772C6}.Release|Any CPU.ActiveCfg = Release|Any CPU
		{D5206E27-93E5-4EB4-8F85-97F2C9A772C6}.Release|Any CPU.Build.0 = Release|Any CPU
		{B4786FC3-51D2-46AA-A25F-E1112BB75611}.Debug|Any CPU.ActiveCfg = Debug|Any CPU
		{B4786FC3-51D2-46AA-A25F-E1112BB75611}.Debug|Any CPU.Build.0 = Debug|Any CPU
		{B4786FC3-51D2-46AA-A25F-E1112BB75611}.Release|Any CPU.ActiveCfg = Release|Any CPU
		{B4786FC3-51D2-46AA-A25F-E1112BB75611}.Release|Any CPU.Build.0 = Release|Any CPU
		{F9DE9A05-950D-4064-9CDD-E0EFC8454AF0}.Debug|Any CPU.ActiveCfg = Debug|Any CPU
		{F9DE9A05-950D-4064-9CDD-E0EFC8454AF0}.Debug|Any CPU.Build.0 = Debug|Any CPU
		{F9DE9A05-950D-4064-9CDD-E0EFC8454AF0}.Release|Any CPU.ActiveCfg = Release|Any CPU
		{F9DE9A05-950D-4064-9CDD-E0EFC8454AF0}.Release|Any CPU.Build.0 = Release|Any CPU
		{18B76517-3619-476D-91D7-105F89630414}.Debug|Any CPU.ActiveCfg = Debug|Any CPU
		{18B76517-3619-476D-91D7-105F89630414}.Debug|Any CPU.Build.0 = Debug|Any CPU
		{18B76517-3619-476D-91D7-105F89630414}.Release|Any CPU.ActiveCfg = Release|Any CPU
		{18B76517-3619-476D-91D7-105F89630414}.Release|Any CPU.Build.0 = Release|Any CPU
		{4E25B68E-B98B-4560-8533-E94B6EDF365C}.Debug|Any CPU.ActiveCfg = Debug|Any CPU
		{4E25B68E-B98B-4560-8533-E94B6EDF365C}.Debug|Any CPU.Build.0 = Debug|Any CPU
		{4E25B68E-B98B-4560-8533-E94B6EDF365C}.Release|Any CPU.ActiveCfg = Release|Any CPU
		{4E25B68E-B98B-4560-8533-E94B6EDF365C}.Release|Any CPU.Build.0 = Release|Any CPU
		{6D762B91-F35A-4EAB-A7E2-877BBCA8BA29}.Debug|Any CPU.ActiveCfg = Debug|Any CPU
		{6D762B91-F35A-4EAB-A7E2-877BBCA8BA29}.Debug|Any CPU.Build.0 = Debug|Any CPU
		{6D762B91-F35A-4EAB-A7E2-877BBCA8BA29}.Release|Any CPU.ActiveCfg = Release|Any CPU
		{6D762B91-F35A-4EAB-A7E2-877BBCA8BA29}.Release|Any CPU.Build.0 = Release|Any CPU
		{E34299B3-9F6F-408E-9FA5-B012ADA8254F}.Debug|Any CPU.ActiveCfg = Debug|Any CPU
		{E34299B3-9F6F-408E-9FA5-B012ADA8254F}.Debug|Any CPU.Build.0 = Debug|Any CPU
		{E34299B3-9F6F-408E-9FA5-B012ADA8254F}.Release|Any CPU.ActiveCfg = Release|Any CPU
		{E34299B3-9F6F-408E-9FA5-B012ADA8254F}.Release|Any CPU.Build.0 = Release|Any CPU
		{F3DFBB34-82CC-492D-8C11-9F24466FF976}.Debug|Any CPU.ActiveCfg = Debug|Any CPU
		{F3DFBB34-82CC-492D-8C11-9F24466FF976}.Debug|Any CPU.Build.0 = Debug|Any CPU
		{F3DFBB34-82CC-492D-8C11-9F24466FF976}.Release|Any CPU.ActiveCfg = Release|Any CPU
		{F3DFBB34-82CC-492D-8C11-9F24466FF976}.Release|Any CPU.Build.0 = Release|Any CPU
		{91017A5C-4BC9-4FC2-B473-F017F187852C}.Debug|Any CPU.ActiveCfg = Debug|Any CPU
		{91017A5C-4BC9-4FC2-B473-F017F187852C}.Debug|Any CPU.Build.0 = Debug|Any CPU
		{91017A5C-4BC9-4FC2-B473-F017F187852C}.Release|Any CPU.ActiveCfg = Release|Any CPU
		{91017A5C-4BC9-4FC2-B473-F017F187852C}.Release|Any CPU.Build.0 = Release|Any CPU
	EndGlobalSection
	GlobalSection(SolutionProperties) = preSolution
		HideSolutionNode = FALSE
	EndGlobalSection
	GlobalSection(NestedProjects) = preSolution
		{98F3E71F-F577-4B32-A681-BC17E34EA0C4} = {5BFDAA6D-1A23-48C4-AD3D-A15143DCE567}
		{D61A3900-2712-46C9-981C-010B31D2A2CC} = {5BFDAA6D-1A23-48C4-AD3D-A15143DCE567}
		{0D06BDDA-858E-4617-8582-11B26DE813F4} = {95721860-7F53-414D-A149-F62B39ED7598}
		{D92AEE2D-4046-4E07-B076-ED332813F40D} = {5BFDAA6D-1A23-48C4-AD3D-A15143DCE567}
		{D5206E27-93E5-4EB4-8F85-97F2C9A772C6} = {5BFDAA6D-1A23-48C4-AD3D-A15143DCE567}
		{B4786FC3-51D2-46AA-A25F-E1112BB75611} = {5BFDAA6D-1A23-48C4-AD3D-A15143DCE567}
		{F9DE9A05-950D-4064-9CDD-E0EFC8454AF0} = {95721860-7F53-414D-A149-F62B39ED7598}
		{18B76517-3619-476D-91D7-105F89630414} = {95721860-7F53-414D-A149-F62B39ED7598}
		{4E25B68E-B98B-4560-8533-E94B6EDF365C} = {95721860-7F53-414D-A149-F62B39ED7598}
		{6D762B91-F35A-4EAB-A7E2-877BBCA8BA29} = {95721860-7F53-414D-A149-F62B39ED7598}
		{E34299B3-9F6F-408E-9FA5-B012ADA8254F} = {95721860-7F53-414D-A149-F62B39ED7598}
		{F3DFBB34-82CC-492D-8C11-9F24466FF976} = {95721860-7F53-414D-A149-F62B39ED7598}
		{91017A5C-4BC9-4FC2-B473-F017F187852C} = {5BFDAA6D-1A23-48C4-AD3D-A15143DCE567}
	EndGlobalSection
	GlobalSection(ExtensibilityGlobals) = postSolution
		SolutionGuid = {C44DA2C7-9A54-4FED-AFFB-9D180610A52E}
	EndGlobalSection
EndGlobal
